
Microsoft Visual Studio Solution File, Format Version 12.00
# Visual Studio 14
VisualStudioVersion = 14.0.23107.0
MinimumVisualStudioVersion = 10.0.40219.1
Project("{FAE04EC0-301F-11D3-BF4B-00C04F79EFBC}") = "ApacheConfigParser", "ApacheConfigParser\ApacheConfigParser.csproj", "{6FF33ED6-7F6B-47A5-8983-67461096775A}"
EndProject
Project("{FAE04EC0-301F-11D3-BF4B-00C04F79EFBC}") = "ApacheConfigParserTests", "ApacheConfigParserTests\ApacheConfigParserTests.csproj", "{BE23873E-13F9-47F1-819D-0BACF0633F78}"
EndProject
Global
	GlobalSection(SolutionConfigurationPlatforms) = preSolution
		Debug|Any CPU = Debug|Any CPU
		Release|Any CPU = Release|Any CPU
	EndGlobalSection
	GlobalSection(ProjectConfigurationPlatforms) = postSolution
		{6FF33ED6-7F6B-47A5-8983-67461096775A}.Debug|Any CPU.ActiveCfg = Debug|Any CPU
		{6FF33ED6-7F6B-47A5-8983-67461096775A}.Debug|Any CPU.Build.0 = Debug|Any CPU
		{6FF33ED6-7F6B-47A5-8983-67461096775A}.Release|Any CPU.ActiveCfg = Release|Any CPU
		{6FF33ED6-7F6B-47A5-8983-67461096775A}.Release|Any CPU.Build.0 = Release|Any CPU
		{BE23873E-13F9-47F1-819D-0BACF0633F78}.Debug|Any CPU.ActiveCfg = Debug|Any CPU
		{BE23873E-13F9-47F1-819D-0BACF0633F78}.Debug|Any CPU.Build.0 = Debug|Any CPU
		{BE23873E-13F9-47F1-819D-0BACF0633F78}.Release|Any CPU.ActiveCfg = Release|Any CPU
		{BE23873E-13F9-47F1-819D-0BACF0633F78}.Release|Any CPU.Build.0 = Release|Any CPU
	EndGlobalSection
	GlobalSection(SolutionProperties) = preSolution
		HideSolutionNode = FALSE
	EndGlobalSection
EndGlobal
